
Microsoft Visual Studio Solution File, Format Version 10.00
# Visual Studio 2008
Project("{8BC9CEB8-8B4A-11D0-8D11-00A0C91BC942}") = "MyFireWallLSP", "MyFireWallLSP.vcproj", "{8481A85A-7C49-4F38-BB5A-C21770C8C05E}"
EndProject
Global
	GlobalSection(SolutionConfigurationPlatforms) = preSolution
		Debug|Win32 = Debug|Win32
		Release|Win32 = Release|Win32
	EndGlobalSection
	GlobalSection(ProjectConfigurationPlatforms) = postSolution
		{8481A85A-7C49-4F38-BB5A-C21770C8C05E}.Debug|Win32.ActiveCfg = Debug|Win32
		{8481A85A-7C49-4F38-BB5A-C21770C8C05E}.Debug|Win32.Build.0 = Debug|Win32
		{8481A85A-7C49-4F38-BB5A-C21770C8C05E}.Release|Win32.ActiveCfg = Release|Win32
		{8481A85A-7C49-4F38-BB5A-C21770C8C05E}.Release|Win32.Build.0 = Release|Win32
	EndGlobalSection
	GlobalSection(SolutionProperties) = preSolution
		HideSolutionNode = FALSE
	EndGlobalSection
EndGlobal
